// !$*UTF8*$!
{
	archiveVersion = 1;
	classes = {
	};
	objectVersion = 51;
	objects = {

/* Begin PBXBuildFile section */
		604C3ADB8B5CD40B78945FE0 /* Pods_EasyMemorize.framework in Frameworks */ = {isa = PBXBuildFile; fileRef = C79A6D95BF7D7DE9642A8F17 /* Pods_EasyMemorize.framework */; settings = {ATTRIBUTES = (Required, ); }; };
		638A14263D9DC7A7EC0FE731 /* Pods_EasyMemorizeTests.framework in Frameworks */ = {isa = PBXBuildFile; fileRef = 322582C9A64DA12059F28F5C /* Pods_EasyMemorizeTests.framework */; };
		F21F248F238BD0D300CFCFBF /* Main.storyboard in Resources */ = {isa = PBXBuildFile; fileRef = F21F248E238BD0D300CFCFBF /* Main.storyboard */; };
		F22AC5ED238D08CA00DECCB1 /* Lesson.storyboard in Resources */ = {isa = PBXBuildFile; fileRef = F22AC5EC238D08CA00DECCB1 /* Lesson.storyboard */; };
		F24C2F9923B9D4CC00C35FCE /* EditLessonViewModel.swift in Sources */ = {isa = PBXBuildFile; fileRef = F24C2F9823B9D4CC00C35FCE /* EditLessonViewModel.swift */; };
		F24C2F9B23B9D60D00C35FCE /* ModifyLessonViewModelType.swift in Sources */ = {isa = PBXBuildFile; fileRef = F24C2F9A23B9D60D00C35FCE /* ModifyLessonViewModelType.swift */; };
		F24C2FA023BB7A2C00C35FCE /* EditCardViewModel.swift in Sources */ = {isa = PBXBuildFile; fileRef = F24C2F9F23BB7A2C00C35FCE /* EditCardViewModel.swift */; };
		F24C2FA223BB7A7200C35FCE /* ModifyCardViewModelType.swift in Sources */ = {isa = PBXBuildFile; fileRef = F24C2FA123BB7A7200C35FCE /* ModifyCardViewModelType.swift */; };
		F2615B2D23B8EF9600F58DF5 /* LessonViewModel.swift in Sources */ = {isa = PBXBuildFile; fileRef = F2615B2C23B8EF9600F58DF5 /* LessonViewModel.swift */; };
		F2615B2F23B8EFDC00F58DF5 /* LessonsViewController.swift in Sources */ = {isa = PBXBuildFile; fileRef = F2615B2E23B8EFDC00F58DF5 /* LessonsViewController.swift */; };
		F2636D57239BC2D400AC0339 /* Box.storyboard in Resources */ = {isa = PBXBuildFile; fileRef = F2636D56239BC2D400AC0339 /* Box.storyboard */; };
		F268FF9223B3456200463973 /* UserServiceType.swift in Sources */ = {isa = PBXBuildFile; fileRef = F268FF9123B3456200463973 /* UserServiceType.swift */; };
		F268FF9423B3502D00463973 /* UserService.swift in Sources */ = {isa = PBXBuildFile; fileRef = F268FF9323B3502D00463973 /* UserService.swift */; };
		F26A304A239F7DCE00960192 /* BoxServiceType.swift in Sources */ = {isa = PBXBuildFile; fileRef = F26A3049239F7DCE00960192 /* BoxServiceType.swift */; };
		F26A304C239F873000960192 /* BoxService.swift in Sources */ = {isa = PBXBuildFile; fileRef = F26A304B239F873000960192 /* BoxService.swift */; };
		F26A304E239FB59700960192 /* SceneCoordinatorType.swift in Sources */ = {isa = PBXBuildFile; fileRef = F26A304D239FB59700960192 /* SceneCoordinatorType.swift */; };
		F27F74A323B1EF5700789AF4 /* LoginViewModel.swift in Sources */ = {isa = PBXBuildFile; fileRef = F27F74A223B1EF5700789AF4 /* LoginViewModel.swift */; };
		F27F74A923B1F04D00789AF4 /* LoginViewController.swift in Sources */ = {isa = PBXBuildFile; fileRef = F27F74A823B1F04D00789AF4 /* LoginViewController.swift */; };
		F27F74AB23B1F2B200789AF4 /* CreateLessonViewController.swift in Sources */ = {isa = PBXBuildFile; fileRef = F27F74AA23B1F2B200789AF4 /* CreateLessonViewController.swift */; };
		F27F74AD23B1F30700789AF4 /* CreateLessonViewModel.swift in Sources */ = {isa = PBXBuildFile; fileRef = F27F74AC23B1F30700789AF4 /* CreateLessonViewModel.swift */; };
		F27F74AF23B1F42200789AF4 /* CreateCardViewModel.swift in Sources */ = {isa = PBXBuildFile; fileRef = F27F74AE23B1F42200789AF4 /* CreateCardViewModel.swift */; };
		F27F74B123B1F44F00789AF4 /* CreateCardViewController.swift in Sources */ = {isa = PBXBuildFile; fileRef = F27F74B023B1F44F00789AF4 /* CreateCardViewController.swift */; };
		F27F74B323B1F54700789AF4 /* ShowCardsViewModel.swift in Sources */ = {isa = PBXBuildFile; fileRef = F27F74B223B1F54700789AF4 /* ShowCardsViewModel.swift */; };
		F27F74B523B1F58700789AF4 /* ShowCardsViewController.swift in Sources */ = {isa = PBXBuildFile; fileRef = F27F74B423B1F58700789AF4 /* ShowCardsViewController.swift */; };
		F27F74B723B1F68F00789AF4 /* ShowBoxCardsViewModel.swift in Sources */ = {isa = PBXBuildFile; fileRef = F27F74B623B1F68F00789AF4 /* ShowBoxCardsViewModel.swift */; };
		F27F74B923B1F6CE00789AF4 /* ShowBoxCardsViewController.swift in Sources */ = {isa = PBXBuildFile; fileRef = F27F74B823B1F6CE00789AF4 /* ShowBoxCardsViewController.swift */; };
		F27F74BD23B203C900789AF4 /* Tab+ViewController.swift in Sources */ = {isa = PBXBuildFile; fileRef = F27F74BC23B203C900789AF4 /* Tab+ViewController.swift */; };
		F27F74BF23B2084800789AF4 /* TabBarViewModel.swift in Sources */ = {isa = PBXBuildFile; fileRef = F27F74BE23B2084800789AF4 /* TabBarViewModel.swift */; };
		F27F74C123B208F200789AF4 /* TabBar.storyboard in Resources */ = {isa = PBXBuildFile; fileRef = F27F74C023B208F200789AF4 /* TabBar.storyboard */; };
		F27F74C723B20B3600789AF4 /* TabBarViewController.swift in Sources */ = {isa = PBXBuildFile; fileRef = F27F74C623B20B3600789AF4 /* TabBarViewController.swift */; };
		F27F74CB23B23D8300789AF4 /* LessonsViewModel.swift in Sources */ = {isa = PBXBuildFile; fileRef = F27F74CA23B23D8300789AF4 /* LessonsViewModel.swift */; };
		F27F74CD23B23DA700789AF4 /* LessonViewController.swift in Sources */ = {isa = PBXBuildFile; fileRef = F27F74CC23B23DA700789AF4 /* LessonViewController.swift */; };
		F27F74CF23B23E7F00789AF4 /* BoxViewModel.swift in Sources */ = {isa = PBXBuildFile; fileRef = F27F74CE23B23E7F00789AF4 /* BoxViewModel.swift */; };
		F27F74D123B23EBC00789AF4 /* BoxViewController.swift in Sources */ = {isa = PBXBuildFile; fileRef = F27F74D023B23EBC00789AF4 /* BoxViewController.swift */; };
		F27F74D323B2413700789AF4 /* TransitionType.swift in Sources */ = {isa = PBXBuildFile; fileRef = F27F74D223B2413700789AF4 /* TransitionType.swift */; };
		F27F74D523B2456F00789AF4 /* SceneCoordinator.swift in Sources */ = {isa = PBXBuildFile; fileRef = F27F74D423B2456F00789AF4 /* SceneCoordinator.swift */; };
		F2964B87239D296600F4D223 /* LanguageItem.swift in Sources */ = {isa = PBXBuildFile; fileRef = F2964B86239D296600F4D223 /* LanguageItem.swift */; };
		F2964B8B239D2B6900F4D223 /* LessonItem.swift in Sources */ = {isa = PBXBuildFile; fileRef = F2964B8A239D2B6900F4D223 /* LessonItem.swift */; };
		F2964B8D239D347200F4D223 /* CardItem.swift in Sources */ = {isa = PBXBuildFile; fileRef = F2964B8C239D347200F4D223 /* CardItem.swift */; };
		F2964B8F239D37F600F4D223 /* BoxItem.swift in Sources */ = {isa = PBXBuildFile; fileRef = F2964B8E239D37F600F4D223 /* BoxItem.swift */; };
		F296AC61238BB55000E8E5ED /* AppDelegate.swift in Sources */ = {isa = PBXBuildFile; fileRef = F296AC60238BB55000E8E5ED /* AppDelegate.swift */; };
		F296AC63238BB55000E8E5ED /* SceneDelegate.swift in Sources */ = {isa = PBXBuildFile; fileRef = F296AC62238BB55000E8E5ED /* SceneDelegate.swift */; };
		F296AC65238BB55000E8E5ED /* RegisterViewController.swift in Sources */ = {isa = PBXBuildFile; fileRef = F296AC64238BB55000E8E5ED /* RegisterViewController.swift */; };
		F296AC6A238BB55600E8E5ED /* Assets.xcassets in Resources */ = {isa = PBXBuildFile; fileRef = F296AC69238BB55600E8E5ED /* Assets.xcassets */; };
		F296AC6D238BB55600E8E5ED /* LaunchScreen.storyboard in Resources */ = {isa = PBXBuildFile; fileRef = F296AC6B238BB55600E8E5ED /* LaunchScreen.storyboard */; };
		F296AC78238BB55700E8E5ED /* LessonServiceTest.swift in Sources */ = {isa = PBXBuildFile; fileRef = F296AC77238BB55700E8E5ED /* LessonServiceTest.swift */; };
		F296AC83238BB55700E8E5ED /* EasyMemorizeUITests.swift in Sources */ = {isa = PBXBuildFile; fileRef = F296AC82238BB55700E8E5ED /* EasyMemorizeUITests.swift */; };
		F29B8B4C23AE0E09009C1BD0 /* CardServiceTest.swift in Sources */ = {isa = PBXBuildFile; fileRef = F29B8B4B23AE0E09009C1BD0 /* CardServiceTest.swift */; };
		F2A53AF2239B954F00F6E039 /* Card.storyboard in Resources */ = {isa = PBXBuildFile; fileRef = F2A53AF1239B954F00F6E039 /* Card.storyboard */; };
		F2ACB9D723AF65E300E1D2A7 /* BoxServiceTest.swift in Sources */ = {isa = PBXBuildFile; fileRef = F2ACB9D623AF65E300E1D2A7 /* BoxServiceTest.swift */; };
		F2D0BD6A239E2763002B9DC3 /* LessonServiceType.swift in Sources */ = {isa = PBXBuildFile; fileRef = F2D0BD69239E2763002B9DC3 /* LessonServiceType.swift */; };
		F2D0BD6C239E389E002B9DC3 /* LessonService.swift in Sources */ = {isa = PBXBuildFile; fileRef = F2D0BD6B239E389E002B9DC3 /* LessonService.swift */; };
		F2D0BD6E239E6346002B9DC3 /* CardServiceType.swift in Sources */ = {isa = PBXBuildFile; fileRef = F2D0BD6D239E6346002B9DC3 /* CardServiceType.swift */; };
		F2D0BD70239E8475002B9DC3 /* CardService.swift in Sources */ = {isa = PBXBuildFile; fileRef = F2D0BD6F239E8475002B9DC3 /* CardService.swift */; };
		F2FC81BE239D5C6B0054F7E1 /* BoxCardItem.swift in Sources */ = {isa = PBXBuildFile; fileRef = F2FC81BD239D5C6B0054F7E1 /* BoxCardItem.swift */; };
		F2FC81C0239D69290054F7E1 /* UserItem.swift in Sources */ = {isa = PBXBuildFile; fileRef = F2FC81BF239D69290054F7E1 /* UserItem.swift */; };
		F2FC81C2239D69FA0054F7E1 /* LoginWayItem.swift in Sources */ = {isa = PBXBuildFile; fileRef = F2FC81C1239D69FA0054F7E1 /* LoginWayItem.swift */; };
		F2FD2BA723B0AC3C0004F695 /* Scene.swift in Sources */ = {isa = PBXBuildFile; fileRef = F2FD2BA623B0AC3C0004F695 /* Scene.swift */; };
		F2FD2BA923B0AF960004F695 /* Tab.swift in Sources */ = {isa = PBXBuildFile; fileRef = F2FD2BA823B0AF960004F695 /* Tab.swift */; };
		F2FD2BAB23B0B4F80004F695 /* Scene+ViewController.swift in Sources */ = {isa = PBXBuildFile; fileRef = F2FD2BAA23B0B4F80004F695 /* Scene+ViewController.swift */; };
		F2FD2BAD23B0B8290004F695 /* BindableType.swift in Sources */ = {isa = PBXBuildFile; fileRef = F2FD2BAC23B0B8290004F695 /* BindableType.swift */; };
		F2FD2BAF23B0BB550004F695 /* RegisterViewModel.swift in Sources */ = {isa = PBXBuildFile; fileRef = F2FD2BAE23B0BB550004F695 /* RegisterViewModel.swift */; };
/* End PBXBuildFile section */

/* Begin PBXContainerItemProxy section */
		F296AC74238BB55700E8E5ED /* PBXContainerItemProxy */ = {
			isa = PBXContainerItemProxy;
			containerPortal = F296AC55238BB55000E8E5ED /* Project object */;
			proxyType = 1;
			remoteGlobalIDString = F296AC5C238BB55000E8E5ED;
			remoteInfo = EasyMemorize;
		};
		F296AC7F238BB55700E8E5ED /* PBXContainerItemProxy */ = {
			isa = PBXContainerItemProxy;
			containerPortal = F296AC55238BB55000E8E5ED /* Project object */;
			proxyType = 1;
			remoteGlobalIDString = F296AC5C238BB55000E8E5ED;
			remoteInfo = EasyMemorize;
		};
/* End PBXContainerItemProxy section */

/* Begin PBXFileReference section */
		2D10717DB534B659A2B49635 /* Pods-EasyMemorize.release.xcconfig */ = {isa = PBXFileReference; includeInIndex = 1; lastKnownFileType = text.xcconfig; name = "Pods-EasyMemorize.release.xcconfig"; path = "Target Support Files/Pods-EasyMemorize/Pods-EasyMemorize.release.xcconfig"; sourceTree = "<group>"; };
		322582C9A64DA12059F28F5C /* Pods_EasyMemorizeTests.framework */ = {isa = PBXFileReference; explicitFileType = wrapper.framework; includeInIndex = 0; path = Pods_EasyMemorizeTests.framework; sourceTree = BUILT_PRODUCTS_DIR; };
		B9B9E7AB751E9583E6727E60 /* Pods-EasyMemorizeTests.debug.xcconfig */ = {isa = PBXFileReference; includeInIndex = 1; lastKnownFileType = text.xcconfig; name = "Pods-EasyMemorizeTests.debug.xcconfig"; path = "Target Support Files/Pods-EasyMemorizeTests/Pods-EasyMemorizeTests.debug.xcconfig"; sourceTree = "<group>"; };
		C79A6D95BF7D7DE9642A8F17 /* Pods_EasyMemorize.framework */ = {isa = PBXFileReference; explicitFileType = wrapper.framework; includeInIndex = 0; path = Pods_EasyMemorize.framework; sourceTree = BUILT_PRODUCTS_DIR; };
		E5EF1047C4E86A85728823E0 /* Pods-EasyMemorize.debug.xcconfig */ = {isa = PBXFileReference; includeInIndex = 1; lastKnownFileType = text.xcconfig; name = "Pods-EasyMemorize.debug.xcconfig"; path = "Target Support Files/Pods-EasyMemorize/Pods-EasyMemorize.debug.xcconfig"; sourceTree = "<group>"; };
		F21F248E238BD0D300CFCFBF /* Main.storyboard */ = {isa = PBXFileReference; lastKnownFileType = file.storyboard; path = Main.storyboard; sourceTree = "<group>"; };
		F22AC5EC238D08CA00DECCB1 /* Lesson.storyboard */ = {isa = PBXFileReference; lastKnownFileType = file.storyboard; path = Lesson.storyboard; sourceTree = "<group>"; };
		F24C2F9823B9D4CC00C35FCE /* EditLessonViewModel.swift */ = {isa = PBXFileReference; lastKnownFileType = sourcecode.swift; path = EditLessonViewModel.swift; sourceTree = "<group>"; };
		F24C2F9A23B9D60D00C35FCE /* ModifyLessonViewModelType.swift */ = {isa = PBXFileReference; lastKnownFileType = sourcecode.swift; path = ModifyLessonViewModelType.swift; sourceTree = "<group>"; };
		F24C2F9F23BB7A2C00C35FCE /* EditCardViewModel.swift */ = {isa = PBXFileReference; lastKnownFileType = sourcecode.swift; path = EditCardViewModel.swift; sourceTree = "<group>"; };
		F24C2FA123BB7A7200C35FCE /* ModifyCardViewModelType.swift */ = {isa = PBXFileReference; lastKnownFileType = sourcecode.swift; path = ModifyCardViewModelType.swift; sourceTree = "<group>"; };
		F2615B2C23B8EF9600F58DF5 /* LessonViewModel.swift */ = {isa = PBXFileReference; lastKnownFileType = sourcecode.swift; path = LessonViewModel.swift; sourceTree = "<group>"; };
		F2615B2E23B8EFDC00F58DF5 /* LessonsViewController.swift */ = {isa = PBXFileReference; lastKnownFileType = sourcecode.swift; path = LessonsViewController.swift; sourceTree = "<group>"; };
		F2636D56239BC2D400AC0339 /* Box.storyboard */ = {isa = PBXFileReference; lastKnownFileType = file.storyboard; path = Box.storyboard; sourceTree = "<group>"; };
		F268FF9123B3456200463973 /* UserServiceType.swift */ = {isa = PBXFileReference; lastKnownFileType = sourcecode.swift; path = UserServiceType.swift; sourceTree = "<group>"; };
		F268FF9323B3502D00463973 /* UserService.swift */ = {isa = PBXFileReference; lastKnownFileType = sourcecode.swift; path = UserService.swift; sourceTree = "<group>"; };
		F26A3049239F7DCE00960192 /* BoxServiceType.swift */ = {isa = PBXFileReference; lastKnownFileType = sourcecode.swift; path = BoxServiceType.swift; sourceTree = "<group>"; };
		F26A304B239F873000960192 /* BoxService.swift */ = {isa = PBXFileReference; lastKnownFileType = sourcecode.swift; path = BoxService.swift; sourceTree = "<group>"; };
		F26A304D239FB59700960192 /* SceneCoordinatorType.swift */ = {isa = PBXFileReference; lastKnownFileType = sourcecode.swift; path = SceneCoordinatorType.swift; sourceTree = "<group>"; };
		F27F74A223B1EF5700789AF4 /* LoginViewModel.swift */ = {isa = PBXFileReference; lastKnownFileType = sourcecode.swift; path = LoginViewModel.swift; sourceTree = "<group>"; };
		F27F74A823B1F04D00789AF4 /* LoginViewController.swift */ = {isa = PBXFileReference; lastKnownFileType = sourcecode.swift; path = LoginViewController.swift; sourceTree = "<group>"; };
		F27F74AA23B1F2B200789AF4 /* CreateLessonViewController.swift */ = {isa = PBXFileReference; lastKnownFileType = sourcecode.swift; path = CreateLessonViewController.swift; sourceTree = "<group>"; };
		F27F74AC23B1F30700789AF4 /* CreateLessonViewModel.swift */ = {isa = PBXFileReference; lastKnownFileType = sourcecode.swift; path = CreateLessonViewModel.swift; sourceTree = "<group>"; };
		F27F74AE23B1F42200789AF4 /* CreateCardViewModel.swift */ = {isa = PBXFileReference; lastKnownFileType = sourcecode.swift; path = CreateCardViewModel.swift; sourceTree = "<group>"; };
		F27F74B023B1F44F00789AF4 /* CreateCardViewController.swift */ = {isa = PBXFileReference; lastKnownFileType = sourcecode.swift; path = CreateCardViewController.swift; sourceTree = "<group>"; };
		F27F74B223B1F54700789AF4 /* ShowCardsViewModel.swift */ = {isa = PBXFileReference; lastKnownFileType = sourcecode.swift; path = ShowCardsViewModel.swift; sourceTree = "<group>"; };
		F27F74B423B1F58700789AF4 /* ShowCardsViewController.swift */ = {isa = PBXFileReference; lastKnownFileType = sourcecode.swift; path = ShowCardsViewController.swift; sourceTree = "<group>"; };
		F27F74B623B1F68F00789AF4 /* ShowBoxCardsViewModel.swift */ = {isa = PBXFileReference; lastKnownFileType = sourcecode.swift; path = ShowBoxCardsViewModel.swift; sourceTree = "<group>"; };
		F27F74B823B1F6CE00789AF4 /* ShowBoxCardsViewController.swift */ = {isa = PBXFileReference; lastKnownFileType = sourcecode.swift; path = ShowBoxCardsViewController.swift; sourceTree = "<group>"; };
		F27F74BC23B203C900789AF4 /* Tab+ViewController.swift */ = {isa = PBXFileReference; lastKnownFileType = sourcecode.swift; path = "Tab+ViewController.swift"; sourceTree = "<group>"; };
		F27F74BE23B2084800789AF4 /* TabBarViewModel.swift */ = {isa = PBXFileReference; lastKnownFileType = sourcecode.swift; path = TabBarViewModel.swift; sourceTree = "<group>"; };
		F27F74C023B208F200789AF4 /* TabBar.storyboard */ = {isa = PBXFileReference; lastKnownFileType = file.storyboard; path = TabBar.storyboard; sourceTree = "<group>"; };
		F27F74C623B20B3600789AF4 /* TabBarViewController.swift */ = {isa = PBXFileReference; lastKnownFileType = sourcecode.swift; path = TabBarViewController.swift; sourceTree = "<group>"; };
		F27F74CA23B23D8300789AF4 /* LessonsViewModel.swift */ = {isa = PBXFileReference; lastKnownFileType = sourcecode.swift; path = LessonsViewModel.swift; sourceTree = "<group>"; };
		F27F74CC23B23DA700789AF4 /* LessonViewController.swift */ = {isa = PBXFileReference; lastKnownFileType = sourcecode.swift; path = LessonViewController.swift; sourceTree = "<group>"; };
		F27F74CE23B23E7F00789AF4 /* BoxViewModel.swift */ = {isa = PBXFileReference; lastKnownFileType = sourcecode.swift; path = BoxViewModel.swift; sourceTree = "<group>"; };
		F27F74D023B23EBC00789AF4 /* BoxViewController.swift */ = {isa = PBXFileReference; lastKnownFileType = sourcecode.swift; path = BoxViewController.swift; sourceTree = "<group>"; };
		F27F74D223B2413700789AF4 /* TransitionType.swift */ = {isa = PBXFileReference; lastKnownFileType = sourcecode.swift; path = TransitionType.swift; sourceTree = "<group>"; };
		F27F74D423B2456F00789AF4 /* SceneCoordinator.swift */ = {isa = PBXFileReference; lastKnownFileType = sourcecode.swift; path = SceneCoordinator.swift; sourceTree = "<group>"; };
		F2964B86239D296600F4D223 /* LanguageItem.swift */ = {isa = PBXFileReference; lastKnownFileType = sourcecode.swift; path = LanguageItem.swift; sourceTree = "<group>"; };
		F2964B8A239D2B6900F4D223 /* LessonItem.swift */ = {isa = PBXFileReference; lastKnownFileType = sourcecode.swift; path = LessonItem.swift; sourceTree = "<group>"; };
		F2964B8C239D347200F4D223 /* CardItem.swift */ = {isa = PBXFileReference; lastKnownFileType = sourcecode.swift; path = CardItem.swift; sourceTree = "<group>"; };
		F2964B8E239D37F600F4D223 /* BoxItem.swift */ = {isa = PBXFileReference; lastKnownFileType = sourcecode.swift; path = BoxItem.swift; sourceTree = "<group>"; };
		F296AC5D238BB55000E8E5ED /* EasyMemorize.app */ = {isa = PBXFileReference; explicitFileType = wrapper.application; includeInIndex = 0; path = EasyMemorize.app; sourceTree = BUILT_PRODUCTS_DIR; };
		F296AC60238BB55000E8E5ED /* AppDelegate.swift */ = {isa = PBXFileReference; lastKnownFileType = sourcecode.swift; path = AppDelegate.swift; sourceTree = "<group>"; };
		F296AC62238BB55000E8E5ED /* SceneDelegate.swift */ = {isa = PBXFileReference; lastKnownFileType = sourcecode.swift; path = SceneDelegate.swift; sourceTree = "<group>"; };
		F296AC64238BB55000E8E5ED /* RegisterViewController.swift */ = {isa = PBXFileReference; lastKnownFileType = sourcecode.swift; path = RegisterViewController.swift; sourceTree = "<group>"; };
		F296AC69238BB55600E8E5ED /* Assets.xcassets */ = {isa = PBXFileReference; lastKnownFileType = folder.assetcatalog; path = Assets.xcassets; sourceTree = "<group>"; };
		F296AC6C238BB55600E8E5ED /* Base */ = {isa = PBXFileReference; lastKnownFileType = file.storyboard; name = Base; path = Base.lproj/LaunchScreen.storyboard; sourceTree = "<group>"; };
		F296AC6E238BB55600E8E5ED /* Info.plist */ = {isa = PBXFileReference; lastKnownFileType = text.plist.xml; path = Info.plist; sourceTree = "<group>"; };
		F296AC73238BB55700E8E5ED /* EasyMemorizeTests.xctest */ = {isa = PBXFileReference; explicitFileType = wrapper.cfbundle; includeInIndex = 0; path = EasyMemorizeTests.xctest; sourceTree = BUILT_PRODUCTS_DIR; };
		F296AC77238BB55700E8E5ED /* LessonServiceTest.swift */ = {isa = PBXFileReference; lastKnownFileType = sourcecode.swift; path = LessonServiceTest.swift; sourceTree = "<group>"; };
		F296AC79238BB55700E8E5ED /* Info.plist */ = {isa = PBXFileReference; lastKnownFileType = text.plist.xml; path = Info.plist; sourceTree = "<group>"; };
		F296AC7E238BB55700E8E5ED /* EasyMemorizeUITests.xctest */ = {isa = PBXFileReference; explicitFileType = wrapper.cfbundle; includeInIndex = 0; path = EasyMemorizeUITests.xctest; sourceTree = BUILT_PRODUCTS_DIR; };
		F296AC82238BB55700E8E5ED /* EasyMemorizeUITests.swift */ = {isa = PBXFileReference; lastKnownFileType = sourcecode.swift; path = EasyMemorizeUITests.swift; sourceTree = "<group>"; };
		F296AC84238BB55700E8E5ED /* Info.plist */ = {isa = PBXFileReference; lastKnownFileType = text.plist.xml; path = Info.plist; sourceTree = "<group>"; };
		F29B8B4B23AE0E09009C1BD0 /* CardServiceTest.swift */ = {isa = PBXFileReference; lastKnownFileType = sourcecode.swift; path = CardServiceTest.swift; sourceTree = "<group>"; };
		F2A53AF1239B954F00F6E039 /* Card.storyboard */ = {isa = PBXFileReference; lastKnownFileType = file.storyboard; path = Card.storyboard; sourceTree = "<group>"; };
		F2ACB9D623AF65E300E1D2A7 /* BoxServiceTest.swift */ = {isa = PBXFileReference; lastKnownFileType = sourcecode.swift; path = BoxServiceTest.swift; sourceTree = "<group>"; };
		F2D0BD69239E2763002B9DC3 /* LessonServiceType.swift */ = {isa = PBXFileReference; lastKnownFileType = sourcecode.swift; path = LessonServiceType.swift; sourceTree = "<group>"; };
		F2D0BD6B239E389E002B9DC3 /* LessonService.swift */ = {isa = PBXFileReference; lastKnownFileType = sourcecode.swift; path = LessonService.swift; sourceTree = "<group>"; };
		F2D0BD6D239E6346002B9DC3 /* CardServiceType.swift */ = {isa = PBXFileReference; lastKnownFileType = sourcecode.swift; path = CardServiceType.swift; sourceTree = "<group>"; };
		F2D0BD6F239E8475002B9DC3 /* CardService.swift */ = {isa = PBXFileReference; lastKnownFileType = sourcecode.swift; path = CardService.swift; sourceTree = "<group>"; };
		F2FC81BD239D5C6B0054F7E1 /* BoxCardItem.swift */ = {isa = PBXFileReference; lastKnownFileType = sourcecode.swift; path = BoxCardItem.swift; sourceTree = "<group>"; };
		F2FC81BF239D69290054F7E1 /* UserItem.swift */ = {isa = PBXFileReference; lastKnownFileType = sourcecode.swift; path = UserItem.swift; sourceTree = "<group>"; };
		F2FC81C1239D69FA0054F7E1 /* LoginWayItem.swift */ = {isa = PBXFileReference; lastKnownFileType = sourcecode.swift; path = LoginWayItem.swift; sourceTree = "<group>"; };
		F2FD2BA623B0AC3C0004F695 /* Scene.swift */ = {isa = PBXFileReference; lastKnownFileType = sourcecode.swift; path = Scene.swift; sourceTree = "<group>"; };
		F2FD2BA823B0AF960004F695 /* Tab.swift */ = {isa = PBXFileReference; lastKnownFileType = sourcecode.swift; path = Tab.swift; sourceTree = "<group>"; };
		F2FD2BAA23B0B4F80004F695 /* Scene+ViewController.swift */ = {isa = PBXFileReference; lastKnownFileType = sourcecode.swift; path = "Scene+ViewController.swift"; sourceTree = "<group>"; };
		F2FD2BAC23B0B8290004F695 /* BindableType.swift */ = {isa = PBXFileReference; lastKnownFileType = sourcecode.swift; path = BindableType.swift; sourceTree = "<group>"; };
		F2FD2BAE23B0BB550004F695 /* RegisterViewModel.swift */ = {isa = PBXFileReference; lastKnownFileType = sourcecode.swift; path = RegisterViewModel.swift; sourceTree = "<group>"; };
		F3C2F2DE2E0E9B70A0A017AB /* Pods-EasyMemorizeTests.release.xcconfig */ = {isa = PBXFileReference; includeInIndex = 1; lastKnownFileType = text.xcconfig; name = "Pods-EasyMemorizeTests.release.xcconfig"; path = "Target Support Files/Pods-EasyMemorizeTests/Pods-EasyMemorizeTests.release.xcconfig"; sourceTree = "<group>"; };
/* End PBXFileReference section */

/* Begin PBXFrameworksBuildPhase section */
		F296AC5A238BB55000E8E5ED /* Frameworks */ = {
			isa = PBXFrameworksBuildPhase;
			buildActionMask = 2147483647;
			files = (
				604C3ADB8B5CD40B78945FE0 /* Pods_EasyMemorize.framework in Frameworks */,
			);
			runOnlyForDeploymentPostprocessing = 0;
		};
		F296AC70238BB55700E8E5ED /* Frameworks */ = {
			isa = PBXFrameworksBuildPhase;
			buildActionMask = 2147483647;
			files = (
				638A14263D9DC7A7EC0FE731 /* Pods_EasyMemorizeTests.framework in Frameworks */,
			);
			runOnlyForDeploymentPostprocessing = 0;
		};
		F296AC7B238BB55700E8E5ED /* Frameworks */ = {
			isa = PBXFrameworksBuildPhase;
			buildActionMask = 2147483647;
			files = (
			);
			runOnlyForDeploymentPostprocessing = 0;
		};
/* End PBXFrameworksBuildPhase section */

/* Begin PBXGroup section */
		68747771A7D2E262420511A8 /* Pods */ = {
			isa = PBXGroup;
			children = (
				E5EF1047C4E86A85728823E0 /* Pods-EasyMemorize.debug.xcconfig */,
				2D10717DB534B659A2B49635 /* Pods-EasyMemorize.release.xcconfig */,
				B9B9E7AB751E9583E6727E60 /* Pods-EasyMemorizeTests.debug.xcconfig */,
				F3C2F2DE2E0E9B70A0A017AB /* Pods-EasyMemorizeTests.release.xcconfig */,
			);
			path = Pods;
			sourceTree = "<group>";
		};
		F21F2484238BCE6300CFCFBF /* Model */ = {
			isa = PBXGroup;
			children = (
				F2964B86239D296600F4D223 /* LanguageItem.swift */,
				F2964B8A239D2B6900F4D223 /* LessonItem.swift */,
				F2964B8C239D347200F4D223 /* CardItem.swift */,
				F2964B8E239D37F600F4D223 /* BoxItem.swift */,
				F2FC81BD239D5C6B0054F7E1 /* BoxCardItem.swift */,
				F2FC81BF239D69290054F7E1 /* UserItem.swift */,
				F2FC81C1239D69FA0054F7E1 /* LoginWayItem.swift */,
			);
			path = Model;
			sourceTree = "<group>";
		};
		F21F2485238BCE8B00CFCFBF /* View */ = {
			isa = PBXGroup;
			children = (
				F21F2487238BCEBA00CFCFBF /* Storyboard */,
				F21F2486238BCEA300CFCFBF /* ViewControler */,
				F2FD2BAC23B0B8290004F695 /* BindableType.swift */,
			);
			path = View;
			sourceTree = "<group>";
		};
		F21F2486238BCEA300CFCFBF /* ViewControler */ = {
			isa = PBXGroup;
			children = (
				F296AC64238BB55000E8E5ED /* RegisterViewController.swift */,
				F27F74A823B1F04D00789AF4 /* LoginViewController.swift */,
				F27F74AA23B1F2B200789AF4 /* CreateLessonViewController.swift */,
				F27F74B023B1F44F00789AF4 /* CreateCardViewController.swift */,
				F27F74B423B1F58700789AF4 /* ShowCardsViewController.swift */,
				F27F74B823B1F6CE00789AF4 /* ShowBoxCardsViewController.swift */,
				F27F74C623B20B3600789AF4 /* TabBarViewController.swift */,
				F27F74CC23B23DA700789AF4 /* LessonViewController.swift */,
				F27F74D023B23EBC00789AF4 /* BoxViewController.swift */,
				F2615B2E23B8EFDC00F58DF5 /* LessonsViewController.swift */,
			);
			path = ViewControler;
			sourceTree = "<group>";
		};
		F21F2487238BCEBA00CFCFBF /* Storyboard */ = {
			isa = PBXGroup;
			children = (
				F21F248E238BD0D300CFCFBF /* Main.storyboard */,
				F22AC5EC238D08CA00DECCB1 /* Lesson.storyboard */,
				F2A53AF1239B954F00F6E039 /* Card.storyboard */,
				F2636D56239BC2D400AC0339 /* Box.storyboard */,
				F27F74C023B208F200789AF4 /* TabBar.storyboard */,
			);
			path = Storyboard;
			sourceTree = "<group>";
		};
		F21F2488238BCECF00CFCFBF /* Business */ = {
			isa = PBXGroup;
			children = (
				F21F248B238BCF2100CFCFBF /* ViewModel */,
				F21F248A238BCEEF00CFCFBF /* SceneCoordinator */,
				F21F2489238BCEDC00CFCFBF /* Service */,
			);
			path = Business;
			sourceTree = "<group>";
		};
		F21F2489238BCEDC00CFCFBF /* Service */ = {
			isa = PBXGroup;
			children = (
				F2D0BD69239E2763002B9DC3 /* LessonServiceType.swift */,
				F2D0BD6B239E389E002B9DC3 /* LessonService.swift */,
				F2D0BD6D239E6346002B9DC3 /* CardServiceType.swift */,
				F2D0BD6F239E8475002B9DC3 /* CardService.swift */,
				F26A3049239F7DCE00960192 /* BoxServiceType.swift */,
				F26A304B239F873000960192 /* BoxService.swift */,
				F268FF9123B3456200463973 /* UserServiceType.swift */,
				F268FF9323B3502D00463973 /* UserService.swift */,
			);
			path = Service;
			sourceTree = "<group>";
		};
		F21F248A238BCEEF00CFCFBF /* SceneCoordinator */ = {
			isa = PBXGroup;
			children = (
				F26A304D239FB59700960192 /* SceneCoordinatorType.swift */,
				F27F74D423B2456F00789AF4 /* SceneCoordinator.swift */,
				F2FD2BA623B0AC3C0004F695 /* Scene.swift */,
				F2FD2BA823B0AF960004F695 /* Tab.swift */,
				F2FD2BAA23B0B4F80004F695 /* Scene+ViewController.swift */,
				F27F74BC23B203C900789AF4 /* Tab+ViewController.swift */,
				F27F74D223B2413700789AF4 /* TransitionType.swift */,
			);
			path = SceneCoordinator;
			sourceTree = "<group>";
		};
		F21F248B238BCF2100CFCFBF /* ViewModel */ = {
			isa = PBXGroup;
			children = (
				F24C2F9E23BB79E200C35FCE /* Box */,
				F24C2F9D23BB79B900C35FCE /* Card */,
				F24C2F9C23BB798C00C35FCE /* Lesson */,
				F2FD2BAE23B0BB550004F695 /* RegisterViewModel.swift */,
				F27F74A223B1EF5700789AF4 /* LoginViewModel.swift */,
				F27F74BE23B2084800789AF4 /* TabBarViewModel.swift */,
			);
			path = ViewModel;
			sourceTree = "<group>";
		};
		F21F248C238BCF4D00CFCFBF /* Resource */ = {
			isa = PBXGroup;
			children = (
			);
			path = Resource;
			sourceTree = "<group>";
		};
		F21F248D238BCF7600CFCFBF /* Extension */ = {
			isa = PBXGroup;
			children = (
			);
			path = Extension;
			sourceTree = "<group>";
		};
		F24C2F9C23BB798C00C35FCE /* Lesson */ = {
			isa = PBXGroup;
			children = (
				F24C2F9A23B9D60D00C35FCE /* ModifyLessonViewModelType.swift */,
				F24C2F9823B9D4CC00C35FCE /* EditLessonViewModel.swift */,
				F2615B2C23B8EF9600F58DF5 /* LessonViewModel.swift */,
				F27F74CA23B23D8300789AF4 /* LessonsViewModel.swift */,
				F27F74AC23B1F30700789AF4 /* CreateLessonViewModel.swift */,
			);
			path = Lesson;
			sourceTree = "<group>";
		};
		F24C2F9D23BB79B900C35FCE /* Card */ = {
			isa = PBXGroup;
			children = (
				F27F74B223B1F54700789AF4 /* ShowCardsViewModel.swift */,
				F27F74AE23B1F42200789AF4 /* CreateCardViewModel.swift */,
				F24C2F9F23BB7A2C00C35FCE /* EditCardViewModel.swift */,
				F24C2FA123BB7A7200C35FCE /* ModifyCardViewModelType.swift */,
			);
			path = Card;
			sourceTree = "<group>";
		};
		F24C2F9E23BB79E200C35FCE /* Box */ = {
			isa = PBXGroup;
			children = (
				F27F74CE23B23E7F00789AF4 /* BoxViewModel.swift */,
				F27F74B623B1F68F00789AF4 /* ShowBoxCardsViewModel.swift */,
			);
			path = Box;
			sourceTree = "<group>";
		};
		F26A304F239FBDCF00960192 /* ServicesTest */ = {
			isa = PBXGroup;
			children = (
				F296AC77238BB55700E8E5ED /* LessonServiceTest.swift */,
				F29B8B4B23AE0E09009C1BD0 /* CardServiceTest.swift */,
				F2ACB9D623AF65E300E1D2A7 /* BoxServiceTest.swift */,
			);
			path = ServicesTest;
			sourceTree = "<group>";
		};
		F296AC54238BB55000E8E5ED = {
			isa = PBXGroup;
			children = (
				F296AC5F238BB55000E8E5ED /* EasyMemorize */,
				F296AC76238BB55700E8E5ED /* EasyMemorizeTests */,
				F296AC81238BB55700E8E5ED /* EasyMemorizeUITests */,
				F296AC5E238BB55000E8E5ED /* Products */,
				68747771A7D2E262420511A8 /* Pods */,
				FA186B91E1A5C7D2C57DAC8D /* Frameworks */,
			);
			sourceTree = "<group>";
		};
		F296AC5E238BB55000E8E5ED /* Products */ = {
			isa = PBXGroup;
			children = (
				F296AC5D238BB55000E8E5ED /* EasyMemorize.app */,
				F296AC73238BB55700E8E5ED /* EasyMemorizeTests.xctest */,
				F296AC7E238BB55700E8E5ED /* EasyMemorizeUITests.xctest */,
			);
			name = Products;
			sourceTree = "<group>";
		};
		F296AC5F238BB55000E8E5ED /* EasyMemorize */ = {
			isa = PBXGroup;
			children = (
				F21F2484238BCE6300CFCFBF /* Model */,
				F21F2485238BCE8B00CFCFBF /* View */,
				F21F2488238BCECF00CFCFBF /* Business */,
				F21F248C238BCF4D00CFCFBF /* Resource */,
				F21F248D238BCF7600CFCFBF /* Extension */,
				F296AC60238BB55000E8E5ED /* AppDelegate.swift */,
				F296AC62238BB55000E8E5ED /* SceneDelegate.swift */,
				F296AC69238BB55600E8E5ED /* Assets.xcassets */,
				F296AC6B238BB55600E8E5ED /* LaunchScreen.storyboard */,
				F296AC6E238BB55600E8E5ED /* Info.plist */,
			);
			path = EasyMemorize;
			sourceTree = "<group>";
		};
		F296AC76238BB55700E8E5ED /* EasyMemorizeTests */ = {
			isa = PBXGroup;
			children = (
				F26A304F239FBDCF00960192 /* ServicesTest */,
				F296AC79238BB55700E8E5ED /* Info.plist */,
			);
			path = EasyMemorizeTests;
			sourceTree = "<group>";
		};
		F296AC81238BB55700E8E5ED /* EasyMemorizeUITests */ = {
			isa = PBXGroup;
			children = (
				F296AC82238BB55700E8E5ED /* EasyMemorizeUITests.swift */,
				F296AC84238BB55700E8E5ED /* Info.plist */,
			);
			path = EasyMemorizeUITests;
			sourceTree = "<group>";
		};
		FA186B91E1A5C7D2C57DAC8D /* Frameworks */ = {
			isa = PBXGroup;
			children = (
				C79A6D95BF7D7DE9642A8F17 /* Pods_EasyMemorize.framework */,
				322582C9A64DA12059F28F5C /* Pods_EasyMemorizeTests.framework */,
			);
			name = Frameworks;
			sourceTree = "<group>";
		};
/* End PBXGroup section */

/* Begin PBXNativeTarget section */
		F296AC5C238BB55000E8E5ED /* EasyMemorize */ = {
			isa = PBXNativeTarget;
			buildConfigurationList = F296AC87238BB55700E8E5ED /* Build configuration list for PBXNativeTarget "EasyMemorize" */;
			buildPhases = (
				2339B319BC55A9D82E9139BF /* [CP] Check Pods Manifest.lock */,
				F296AC59238BB55000E8E5ED /* Sources */,
				F296AC5A238BB55000E8E5ED /* Frameworks */,
				F296AC5B238BB55000E8E5ED /* Resources */,
				546AE0B56DFFF7F00B85A1F7 /* [CP] Embed Pods Frameworks */,
			);
			buildRules = (
			);
			dependencies = (
			);
			name = EasyMemorize;
			productName = EasyMemorize;
			productReference = F296AC5D238BB55000E8E5ED /* EasyMemorize.app */;
			productType = "com.apple.product-type.application";
		};
		F296AC72238BB55700E8E5ED /* EasyMemorizeTests */ = {
			isa = PBXNativeTarget;
			buildConfigurationList = F296AC8A238BB55700E8E5ED /* Build configuration list for PBXNativeTarget "EasyMemorizeTests" */;
			buildPhases = (
				17D7F0FDCF1FF8882658770C /* [CP] Check Pods Manifest.lock */,
				F296AC6F238BB55700E8E5ED /* Sources */,
				F296AC70238BB55700E8E5ED /* Frameworks */,
				F296AC71238BB55700E8E5ED /* Resources */,
				9E6783C8353E0479FFAE0712 /* [CP] Embed Pods Frameworks */,
			);
			buildRules = (
			);
			dependencies = (
				F296AC75238BB55700E8E5ED /* PBXTargetDependency */,
			);
			name = EasyMemorizeTests;
			productName = EasyMemorizeTests;
			productReference = F296AC73238BB55700E8E5ED /* EasyMemorizeTests.xctest */;
			productType = "com.apple.product-type.bundle.unit-test";
		};
		F296AC7D238BB55700E8E5ED /* EasyMemorizeUITests */ = {
			isa = PBXNativeTarget;
			buildConfigurationList = F296AC8D238BB55700E8E5ED /* Build configuration list for PBXNativeTarget "EasyMemorizeUITests" */;
			buildPhases = (
				F296AC7A238BB55700E8E5ED /* Sources */,
				F296AC7B238BB55700E8E5ED /* Frameworks */,
				F296AC7C238BB55700E8E5ED /* Resources */,
			);
			buildRules = (
			);
			dependencies = (
				F296AC80238BB55700E8E5ED /* PBXTargetDependency */,
			);
			name = EasyMemorizeUITests;
			productName = EasyMemorizeUITests;
			productReference = F296AC7E238BB55700E8E5ED /* EasyMemorizeUITests.xctest */;
			productType = "com.apple.product-type.bundle.ui-testing";
		};
/* End PBXNativeTarget section */

/* Begin PBXProject section */
		F296AC55238BB55000E8E5ED /* Project object */ = {
			isa = PBXProject;
			attributes = {
				LastSwiftUpdateCheck = 1120;
				LastUpgradeCheck = 1120;
				ORGANIZATIONNAME = "Dream Catcher";
				TargetAttributes = {
					F296AC5C238BB55000E8E5ED = {
						CreatedOnToolsVersion = 11.2.1;
					};
					F296AC72238BB55700E8E5ED = {
						CreatedOnToolsVersion = 11.2.1;
						TestTargetID = F296AC5C238BB55000E8E5ED;
					};
					F296AC7D238BB55700E8E5ED = {
						CreatedOnToolsVersion = 11.2.1;
						TestTargetID = F296AC5C238BB55000E8E5ED;
					};
				};
			};
			buildConfigurationList = F296AC58238BB55000E8E5ED /* Build configuration list for PBXProject "EasyMemorize" */;
			compatibilityVersion = "Xcode 9.3";
			developmentRegion = en;
			hasScannedForEncodings = 0;
			knownRegions = (
				en,
				Base,
			);
			mainGroup = F296AC54238BB55000E8E5ED;
			productRefGroup = F296AC5E238BB55000E8E5ED /* Products */;
			projectDirPath = "";
			projectRoot = "";
			targets = (
				F296AC5C238BB55000E8E5ED /* EasyMemorize */,
				F296AC72238BB55700E8E5ED /* EasyMemorizeTests */,
				F296AC7D238BB55700E8E5ED /* EasyMemorizeUITests */,
			);
		};
/* End PBXProject section */

/* Begin PBXResourcesBuildPhase section */
		F296AC5B238BB55000E8E5ED /* Resources */ = {
			isa = PBXResourcesBuildPhase;
			buildActionMask = 2147483647;
			files = (
				F21F248F238BD0D300CFCFBF /* Main.storyboard in Resources */,
				F296AC6D238BB55600E8E5ED /* LaunchScreen.storyboard in Resources */,
				F2A53AF2239B954F00F6E039 /* Card.storyboard in Resources */,
				F2636D57239BC2D400AC0339 /* Box.storyboard in Resources */,
				F27F74C123B208F200789AF4 /* TabBar.storyboard in Resources */,
				F296AC6A238BB55600E8E5ED /* Assets.xcassets in Resources */,
				F22AC5ED238D08CA00DECCB1 /* Lesson.storyboard in Resources */,
			);
			runOnlyForDeploymentPostprocessing = 0;
		};
		F296AC71238BB55700E8E5ED /* Resources */ = {
			isa = PBXResourcesBuildPhase;
			buildActionMask = 2147483647;
			files = (
			);
			runOnlyForDeploymentPostprocessing = 0;
		};
		F296AC7C238BB55700E8E5ED /* Resources */ = {
			isa = PBXResourcesBuildPhase;
			buildActionMask = 2147483647;
			files = (
			);
			runOnlyForDeploymentPostprocessing = 0;
		};
/* End PBXResourcesBuildPhase section */

/* Begin PBXShellScriptBuildPhase section */
		17D7F0FDCF1FF8882658770C /* [CP] Check Pods Manifest.lock */ = {
			isa = PBXShellScriptBuildPhase;
			buildActionMask = 2147483647;
			files = (
			);
			inputFileListPaths = (
			);
			inputPaths = (
				"${PODS_PODFILE_DIR_PATH}/Podfile.lock",
				"${PODS_ROOT}/Manifest.lock",
			);
			name = "[CP] Check Pods Manifest.lock";
			outputFileListPaths = (
			);
			outputPaths = (
				"$(DERIVED_FILE_DIR)/Pods-EasyMemorizeTests-checkManifestLockResult.txt",
			);
			runOnlyForDeploymentPostprocessing = 0;
			shellPath = /bin/sh;
			shellScript = "diff \"${PODS_PODFILE_DIR_PATH}/Podfile.lock\" \"${PODS_ROOT}/Manifest.lock\" > /dev/null\nif [ $? != 0 ] ; then\n    # print error to STDERR\n    echo \"error: The sandbox is not in sync with the Podfile.lock. Run 'pod install' or update your CocoaPods installation.\" >&2\n    exit 1\nfi\n# This output is used by Xcode 'outputs' to avoid re-running this script phase.\necho \"SUCCESS\" > \"${SCRIPT_OUTPUT_FILE_0}\"\n";
			showEnvVarsInLog = 0;
		};
		2339B319BC55A9D82E9139BF /* [CP] Check Pods Manifest.lock */ = {
			isa = PBXShellScriptBuildPhase;
			buildActionMask = 2147483647;
			files = (
			);
			inputFileListPaths = (
			);
			inputPaths = (
				"${PODS_PODFILE_DIR_PATH}/Podfile.lock",
				"${PODS_ROOT}/Manifest.lock",
			);
			name = "[CP] Check Pods Manifest.lock";
			outputFileListPaths = (
			);
			outputPaths = (
				"$(DERIVED_FILE_DIR)/Pods-EasyMemorize-checkManifestLockResult.txt",
			);
			runOnlyForDeploymentPostprocessing = 0;
			shellPath = /bin/sh;
			shellScript = "diff \"${PODS_PODFILE_DIR_PATH}/Podfile.lock\" \"${PODS_ROOT}/Manifest.lock\" > /dev/null\nif [ $? != 0 ] ; then\n    # print error to STDERR\n    echo \"error: The sandbox is not in sync with the Podfile.lock. Run 'pod install' or update your CocoaPods installation.\" >&2\n    exit 1\nfi\n# This output is used by Xcode 'outputs' to avoid re-running this script phase.\necho \"SUCCESS\" > \"${SCRIPT_OUTPUT_FILE_0}\"\n";
			showEnvVarsInLog = 0;
		};
		546AE0B56DFFF7F00B85A1F7 /* [CP] Embed Pods Frameworks */ = {
			isa = PBXShellScriptBuildPhase;
			buildActionMask = 2147483647;
			files = (
			);
			inputFileListPaths = (
				"${PODS_ROOT}/Target Support Files/Pods-EasyMemorize/Pods-EasyMemorize-frameworks-${CONFIGURATION}-input-files.xcfilelist",
			);
			name = "[CP] Embed Pods Frameworks";
			outputFileListPaths = (
				"${PODS_ROOT}/Target Support Files/Pods-EasyMemorize/Pods-EasyMemorize-frameworks-${CONFIGURATION}-output-files.xcfilelist",
			);
			runOnlyForDeploymentPostprocessing = 0;
			shellPath = /bin/sh;
			shellScript = "\"${PODS_ROOT}/Target Support Files/Pods-EasyMemorize/Pods-EasyMemorize-frameworks.sh\"\n";
			showEnvVarsInLog = 0;
		};
		9E6783C8353E0479FFAE0712 /* [CP] Embed Pods Frameworks */ = {
			isa = PBXShellScriptBuildPhase;
			buildActionMask = 2147483647;
			files = (
			);
			inputFileListPaths = (
				"${PODS_ROOT}/Target Support Files/Pods-EasyMemorizeTests/Pods-EasyMemorizeTests-frameworks-${CONFIGURATION}-input-files.xcfilelist",
			);
			name = "[CP] Embed Pods Frameworks";
			outputFileListPaths = (
				"${PODS_ROOT}/Target Support Files/Pods-EasyMemorizeTests/Pods-EasyMemorizeTests-frameworks-${CONFIGURATION}-output-files.xcfilelist",
			);
			runOnlyForDeploymentPostprocessing = 0;
			shellPath = /bin/sh;
			shellScript = "\"${PODS_ROOT}/Target Support Files/Pods-EasyMemorizeTests/Pods-EasyMemorizeTests-frameworks.sh\"\n";
			showEnvVarsInLog = 0;
		};
/* End PBXShellScriptBuildPhase section */

/* Begin PBXSourcesBuildPhase section */
		F296AC59238BB55000E8E5ED /* Sources */ = {
			isa = PBXSourcesBuildPhase;
			buildActionMask = 2147483647;
			files = (
				F27F74A323B1EF5700789AF4 /* LoginViewModel.swift in Sources */,
				F2964B8B239D2B6900F4D223 /* LessonItem.swift in Sources */,
				F27F74B923B1F6CE00789AF4 /* ShowBoxCardsViewController.swift in Sources */,
				F27F74B123B1F44F00789AF4 /* CreateCardViewController.swift in Sources */,
				F24C2F9923B9D4CC00C35FCE /* EditLessonViewModel.swift in Sources */,
				F27F74C723B20B3600789AF4 /* TabBarViewController.swift in Sources */,
				F2D0BD70239E8475002B9DC3 /* CardService.swift in Sources */,
				F268FF9223B3456200463973 /* UserServiceType.swift in Sources */,
				F27F74BF23B2084800789AF4 /* TabBarViewModel.swift in Sources */,
				F27F74AB23B1F2B200789AF4 /* CreateLessonViewController.swift in Sources */,
				F27F74D523B2456F00789AF4 /* SceneCoordinator.swift in Sources */,
				F296AC65238BB55000E8E5ED /* RegisterViewController.swift in Sources */,
				F268FF9423B3502D00463973 /* UserService.swift in Sources */,
				F27F74AF23B1F42200789AF4 /* CreateCardViewModel.swift in Sources */,
				F24C2FA023BB7A2C00C35FCE /* EditCardViewModel.swift in Sources */,
				F27F74CF23B23E7F00789AF4 /* BoxViewModel.swift in Sources */,
				F2D0BD6A239E2763002B9DC3 /* LessonServiceType.swift in Sources */,
				F27F74B323B1F54700789AF4 /* ShowCardsViewModel.swift in Sources */,
				F24C2FA223BB7A7200C35FCE /* ModifyCardViewModelType.swift in Sources */,
				F2D0BD6C239E389E002B9DC3 /* LessonService.swift in Sources */,
				F27F74CD23B23DA700789AF4 /* LessonViewController.swift in Sources */,
				F26A304C239F873000960192 /* BoxService.swift in Sources */,
				F27F74D323B2413700789AF4 /* TransitionType.swift in Sources */,
				F2615B2D23B8EF9600F58DF5 /* LessonViewModel.swift in Sources */,
				F26A304A239F7DCE00960192 /* BoxServiceType.swift in Sources */,
				F2FC81C0239D69290054F7E1 /* UserItem.swift in Sources */,
				F27F74BD23B203C900789AF4 /* Tab+ViewController.swift in Sources */,
				F2FD2BA723B0AC3C0004F695 /* Scene.swift in Sources */,
				F2D0BD6E239E6346002B9DC3 /* CardServiceType.swift in Sources */,
				F2FD2BAD23B0B8290004F695 /* BindableType.swift in Sources */,
				F27F74A923B1F04D00789AF4 /* LoginViewController.swift in Sources */,
				F27F74B723B1F68F00789AF4 /* ShowBoxCardsViewModel.swift in Sources */,
				F27F74D123B23EBC00789AF4 /* BoxViewController.swift in Sources */,
				F27F74B523B1F58700789AF4 /* ShowCardsViewController.swift in Sources */,
				F2964B8D239D347200F4D223 /* CardItem.swift in Sources */,
				F2FD2BA923B0AF960004F695 /* Tab.swift in Sources */,
				F26A304E239FB59700960192 /* SceneCoordinatorType.swift in Sources */,
				F2964B87239D296600F4D223 /* LanguageItem.swift in Sources */,
				F2FD2BAF23B0BB550004F695 /* RegisterViewModel.swift in Sources */,
				F24C2F9B23B9D60D00C35FCE /* ModifyLessonViewModelType.swift in Sources */,
				F2615B2F23B8EFDC00F58DF5 /* LessonsViewController.swift in Sources */,
				F296AC61238BB55000E8E5ED /* AppDelegate.swift in Sources */,
				F2FC81C2239D69FA0054F7E1 /* LoginWayItem.swift in Sources */,
				F296AC63238BB55000E8E5ED /* SceneDelegate.swift in Sources */,
				F27F74AD23B1F30700789AF4 /* CreateLessonViewModel.swift in Sources */,
				F27F74CB23B23D8300789AF4 /* LessonsViewModel.swift in Sources */,
				F2FD2BAB23B0B4F80004F695 /* Scene+ViewController.swift in Sources */,
				F2FC81BE239D5C6B0054F7E1 /* BoxCardItem.swift in Sources */,
				F2964B8F239D37F600F4D223 /* BoxItem.swift in Sources */,
			);
			runOnlyForDeploymentPostprocessing = 0;
		};
		F296AC6F238BB55700E8E5ED /* Sources */ = {
			isa = PBXSourcesBuildPhase;
			buildActionMask = 2147483647;
			files = (
				F2ACB9D723AF65E300E1D2A7 /* BoxServiceTest.swift in Sources */,
				F296AC78238BB55700E8E5ED /* LessonServiceTest.swift in Sources */,
				F29B8B4C23AE0E09009C1BD0 /* CardServiceTest.swift in Sources */,
			);
			runOnlyForDeploymentPostprocessing = 0;
		};
		F296AC7A238BB55700E8E5ED /* Sources */ = {
			isa = PBXSourcesBuildPhase;
			buildActionMask = 2147483647;
			files = (
				F296AC83238BB55700E8E5ED /* EasyMemorizeUITests.swift in Sources */,
			);
			runOnlyForDeploymentPostprocessing = 0;
		};
/* End PBXSourcesBuildPhase section */

/* Begin PBXTargetDependency section */
		F296AC75238BB55700E8E5ED /* PBXTargetDependency */ = {
			isa = PBXTargetDependency;
			target = F296AC5C238BB55000E8E5ED /* EasyMemorize */;
			targetProxy = F296AC74238BB55700E8E5ED /* PBXContainerItemProxy */;
		};
		F296AC80238BB55700E8E5ED /* PBXTargetDependency */ = {
			isa = PBXTargetDependency;
			target = F296AC5C238BB55000E8E5ED /* EasyMemorize */;
			targetProxy = F296AC7F238BB55700E8E5ED /* PBXContainerItemProxy */;
		};
/* End PBXTargetDependency section */

/* Begin PBXVariantGroup section */
		F296AC6B238BB55600E8E5ED /* LaunchScreen.storyboard */ = {
			isa = PBXVariantGroup;
			children = (
				F296AC6C238BB55600E8E5ED /* Base */,
			);
			name = LaunchScreen.storyboard;
			sourceTree = "<group>";
		};
/* End PBXVariantGroup section */

/* Begin XCBuildConfiguration section */
		F296AC85238BB55700E8E5ED /* Debug */ = {
			isa = XCBuildConfiguration;
			buildSettings = {
				ALWAYS_SEARCH_USER_PATHS = NO;
				CLANG_ANALYZER_NONNULL = YES;
				CLANG_ANALYZER_NUMBER_OBJECT_CONVERSION = YES_AGGRESSIVE;
				CLANG_CXX_LANGUAGE_STANDARD = "gnu++14";
				CLANG_CXX_LIBRARY = "libc++";
				CLANG_ENABLE_MODULES = YES;
				CLANG_ENABLE_OBJC_ARC = YES;
				CLANG_ENABLE_OBJC_WEAK = YES;
				CLANG_WARN_BLOCK_CAPTURE_AUTORELEASING = YES;
				CLANG_WARN_BOOL_CONVERSION = YES;
				CLANG_WARN_COMMA = YES;
				CLANG_WARN_CONSTANT_CONVERSION = YES;
				CLANG_WARN_DEPRECATED_OBJC_IMPLEMENTATIONS = YES;
				CLANG_WARN_DIRECT_OBJC_ISA_USAGE = YES_ERROR;
				CLANG_WARN_DOCUMENTATION_COMMENTS = YES;
				CLANG_WARN_EMPTY_BODY = YES;
				CLANG_WARN_ENUM_CONVERSION = YES;
				CLANG_WARN_INFINITE_RECURSION = YES;
				CLANG_WARN_INT_CONVERSION = YES;
				CLANG_WARN_NON_LITERAL_NULL_CONVERSION = YES;
				CLANG_WARN_OBJC_IMPLICIT_RETAIN_SELF = YES;
				CLANG_WARN_OBJC_LITERAL_CONVERSION = YES;
				CLANG_WARN_OBJC_ROOT_CLASS = YES_ERROR;
				CLANG_WARN_RANGE_LOOP_ANALYSIS = YES;
				CLANG_WARN_STRICT_PROTOTYPES = YES;
				CLANG_WARN_SUSPICIOUS_MOVE = YES;
				CLANG_WARN_UNGUARDED_AVAILABILITY = YES_AGGRESSIVE;
				CLANG_WARN_UNREACHABLE_CODE = YES;
				CLANG_WARN__DUPLICATE_METHOD_MATCH = YES;
				COPY_PHASE_STRIP = NO;
				DEBUG_INFORMATION_FORMAT = dwarf;
				ENABLE_STRICT_OBJC_MSGSEND = YES;
				ENABLE_TESTABILITY = YES;
				GCC_C_LANGUAGE_STANDARD = gnu11;
				GCC_DYNAMIC_NO_PIC = NO;
				GCC_NO_COMMON_BLOCKS = YES;
				GCC_OPTIMIZATION_LEVEL = 0;
				GCC_PREPROCESSOR_DEFINITIONS = (
					"DEBUG=1",
					"$(inherited)",
				);
				GCC_WARN_64_TO_32_BIT_CONVERSION = YES;
				GCC_WARN_ABOUT_RETURN_TYPE = YES_ERROR;
				GCC_WARN_UNDECLARED_SELECTOR = YES;
				GCC_WARN_UNINITIALIZED_AUTOS = YES_AGGRESSIVE;
				GCC_WARN_UNUSED_FUNCTION = YES;
				GCC_WARN_UNUSED_VARIABLE = YES;
				IPHONEOS_DEPLOYMENT_TARGET = 13.2;
				MTL_ENABLE_DEBUG_INFO = INCLUDE_SOURCE;
				MTL_FAST_MATH = YES;
				ONLY_ACTIVE_ARCH = YES;
				SDKROOT = iphoneos;
				SWIFT_ACTIVE_COMPILATION_CONDITIONS = DEBUG;
				SWIFT_OPTIMIZATION_LEVEL = "-Onone";
			};
			name = Debug;
		};
		F296AC86238BB55700E8E5ED /* Release */ = {
			isa = XCBuildConfiguration;
			buildSettings = {
				ALWAYS_SEARCH_USER_PATHS = NO;
				CLANG_ANALYZER_NONNULL = YES;
				CLANG_ANALYZER_NUMBER_OBJECT_CONVERSION = YES_AGGRESSIVE;
				CLANG_CXX_LANGUAGE_STANDARD = "gnu++14";
				CLANG_CXX_LIBRARY = "libc++";
				CLANG_ENABLE_MODULES = YES;
				CLANG_ENABLE_OBJC_ARC = YES;
				CLANG_ENABLE_OBJC_WEAK = YES;
				CLANG_WARN_BLOCK_CAPTURE_AUTORELEASING = YES;
				CLANG_WARN_BOOL_CONVERSION = YES;
				CLANG_WARN_COMMA = YES;
				CLANG_WARN_CONSTANT_CONVERSION = YES;
				CLANG_WARN_DEPRECATED_OBJC_IMPLEMENTATIONS = YES;
				CLANG_WARN_DIRECT_OBJC_ISA_USAGE = YES_ERROR;
				CLANG_WARN_DOCUMENTATION_COMMENTS = YES;
				CLANG_WARN_EMPTY_BODY = YES;
				CLANG_WARN_ENUM_CONVERSION = YES;
				CLANG_WARN_INFINITE_RECURSION = YES;
				CLANG_WARN_INT_CONVERSION = YES;
				CLANG_WARN_NON_LITERAL_NULL_CONVERSION = YES;
				CLANG_WARN_OBJC_IMPLICIT_RETAIN_SELF = YES;
				CLANG_WARN_OBJC_LITERAL_CONVERSION = YES;
				CLANG_WARN_OBJC_ROOT_CLASS = YES_ERROR;
				CLANG_WARN_RANGE_LOOP_ANALYSIS = YES;
				CLANG_WARN_STRICT_PROTOTYPES = YES;
				CLANG_WARN_SUSPICIOUS_MOVE = YES;
				CLANG_WARN_UNGUARDED_AVAILABILITY = YES_AGGRESSIVE;
				CLANG_WARN_UNREACHABLE_CODE = YES;
				CLANG_WARN__DUPLICATE_METHOD_MATCH = YES;
				COPY_PHASE_STRIP = NO;
				DEBUG_INFORMATION_FORMAT = "dwarf-with-dsym";
				ENABLE_NS_ASSERTIONS = NO;
				ENABLE_STRICT_OBJC_MSGSEND = YES;
				GCC_C_LANGUAGE_STANDARD = gnu11;
				GCC_NO_COMMON_BLOCKS = YES;
				GCC_WARN_64_TO_32_BIT_CONVERSION = YES;
				GCC_WARN_ABOUT_RETURN_TYPE = YES_ERROR;
				GCC_WARN_UNDECLARED_SELECTOR = YES;
				GCC_WARN_UNINITIALIZED_AUTOS = YES_AGGRESSIVE;
				GCC_WARN_UNUSED_FUNCTION = YES;
				GCC_WARN_UNUSED_VARIABLE = YES;
				IPHONEOS_DEPLOYMENT_TARGET = 13.2;
				MTL_ENABLE_DEBUG_INFO = NO;
				MTL_FAST_MATH = YES;
				SDKROOT = iphoneos;
				SWIFT_COMPILATION_MODE = wholemodule;
				SWIFT_OPTIMIZATION_LEVEL = "-O";
				VALIDATE_PRODUCT = YES;
			};
			name = Release;
		};
		F296AC88238BB55700E8E5ED /* Debug */ = {
			isa = XCBuildConfiguration;
			baseConfigurationReference = E5EF1047C4E86A85728823E0 /* Pods-EasyMemorize.debug.xcconfig */;
			buildSettings = {
				ASSETCATALOG_COMPILER_APPICON_NAME = AppIcon;
				CODE_SIGN_STYLE = Automatic;
				DEVELOPMENT_TEAM = N9VZPP2C5Z;
				INFOPLIST_FILE = EasyMemorize/Info.plist;
				IPHONEOS_DEPLOYMENT_TARGET = 13.0;
				LD_RUNPATH_SEARCH_PATHS = (
					"$(inherited)",
					"@executable_path/Frameworks",
				);
				PRODUCT_BUNDLE_IDENTIFIER = com.dreamcatcher.EasyMemorize;
				PRODUCT_NAME = "$(TARGET_NAME)";
				SWIFT_VERSION = 5.0;
				TARGETED_DEVICE_FAMILY = 1;
			};
			name = Debug;
		};
		F296AC89238BB55700E8E5ED /* Release */ = {
			isa = XCBuildConfiguration;
			baseConfigurationReference = 2D10717DB534B659A2B49635 /* Pods-EasyMemorize.release.xcconfig */;
			buildSettings = {
				ASSETCATALOG_COMPILER_APPICON_NAME = AppIcon;
				CODE_SIGN_STYLE = Automatic;
				DEVELOPMENT_TEAM = N9VZPP2C5Z;
				INFOPLIST_FILE = EasyMemorize/Info.plist;
				IPHONEOS_DEPLOYMENT_TARGET = 13.0;
				LD_RUNPATH_SEARCH_PATHS = (
					"$(inherited)",
					"@executable_path/Frameworks",
				);
				PRODUCT_BUNDLE_IDENTIFIER = com.dreamcatcher.EasyMemorize;
				PRODUCT_NAME = "$(TARGET_NAME)";
				SWIFT_VERSION = 5.0;
				TARGETED_DEVICE_FAMILY = 1;
			};
			name = Release;
		};
		F296AC8B238BB55700E8E5ED /* Debug */ = {
			isa = XCBuildConfiguration;
			baseConfigurationReference = B9B9E7AB751E9583E6727E60 /* Pods-EasyMemorizeTests.debug.xcconfig */;
			buildSettings = {
				ALWAYS_EMBED_SWIFT_STANDARD_LIBRARIES = YES;
				BUNDLE_LOADER = "$(TEST_HOST)";
				CODE_SIGN_STYLE = Automatic;
				DEVELOPMENT_TEAM = N9VZPP2C5Z;
				INFOPLIST_FILE = EasyMemorizeTests/Info.plist;
				IPHONEOS_DEPLOYMENT_TARGET = 13.2;
				LD_RUNPATH_SEARCH_PATHS = (
					"$(inherited)",
					"@executable_path/Frameworks",
					"@loader_path/Frameworks",
				);
				PRODUCT_BUNDLE_IDENTIFIER = com.dreamcatcher.EasyMemorizeTests;
				PRODUCT_NAME = "$(TARGET_NAME)";
				SWIFT_VERSION = 5.0;
				TARGETED_DEVICE_FAMILY = "1,2";
				TEST_HOST = "$(BUILT_PRODUCTS_DIR)/EasyMemorize.app/EasyMemorize";
			};
			name = Debug;
		};
		F296AC8C238BB55700E8E5ED /* Release */ = {
			isa = XCBuildConfiguration;
			baseConfigurationReference = F3C2F2DE2E0E9B70A0A017AB /* Pods-EasyMemorizeTests.release.xcconfig */;
			buildSettings = {
				ALWAYS_EMBED_SWIFT_STANDARD_LIBRARIES = YES;
				BUNDLE_LOADER = "$(TEST_HOST)";
				CODE_SIGN_STYLE = Automatic;
				DEVELOPMENT_TEAM = N9VZPP2C5Z;
				INFOPLIST_FILE = EasyMemorizeTests/Info.plist;
				IPHONEOS_DEPLOYMENT_TARGET = 13.2;
				LD_RUNPATH_SEARCH_PATHS = (
					"$(inherited)",
					"@executable_path/Frameworks",
					"@loader_path/Frameworks",
				);
				PRODUCT_BUNDLE_IDENTIFIER = com.dreamcatcher.EasyMemorizeTests;
				PRODUCT_NAME = "$(TARGET_NAME)";
				SWIFT_VERSION = 5.0;
				TARGETED_DEVICE_FAMILY = "1,2";
				TEST_HOST = "$(BUILT_PRODUCTS_DIR)/EasyMemorize.app/EasyMemorize";
			};
			name = Release;
		};
		F296AC8E238BB55700E8E5ED /* Debug */ = {
			isa = XCBuildConfiguration;
			buildSettings = {
				ALWAYS_EMBED_SWIFT_STANDARD_LIBRARIES = YES;
				CODE_SIGN_STYLE = Automatic;
				DEVELOPMENT_TEAM = N9VZPP2C5Z;
				INFOPLIST_FILE = EasyMemorizeUITests/Info.plist;
				LD_RUNPATH_SEARCH_PATHS = (
					"$(inherited)",
					"@executable_path/Frameworks",
					"@loader_path/Frameworks",
				);
				PRODUCT_BUNDLE_IDENTIFIER = com.dreamcatcher.EasyMemorizeUITests;
				PRODUCT_NAME = "$(TARGET_NAME)";
				SWIFT_VERSION = 5.0;
				TARGETED_DEVICE_FAMILY = "1,2";
				TEST_TARGET_NAME = EasyMemorize;
			};
			name = Debug;
		};
		F296AC8F238BB55700E8E5ED /* Release */ = {
			isa = XCBuildConfiguration;
			buildSettings = {
				ALWAYS_EMBED_SWIFT_STANDARD_LIBRARIES = YES;
				CODE_SIGN_STYLE = Automatic;
				DEVELOPMENT_TEAM = N9VZPP2C5Z;
				INFOPLIST_FILE = EasyMemorizeUITests/Info.plist;
				LD_RUNPATH_SEARCH_PATHS = (
					"$(inherited)",
					"@executable_path/Frameworks",
					"@loader_path/Frameworks",
				);
				PRODUCT_BUNDLE_IDENTIFIER = com.dreamcatcher.EasyMemorizeUITests;
				PRODUCT_NAME = "$(TARGET_NAME)";
				SWIFT_VERSION = 5.0;
				TARGETED_DEVICE_FAMILY = "1,2";
				TEST_TARGET_NAME = EasyMemorize;
			};
			name = Release;
		};
/* End XCBuildConfiguration section */

/* Begin XCConfigurationList section */
		F296AC58238BB55000E8E5ED /* Build configuration list for PBXProject "EasyMemorize" */ = {
			isa = XCConfigurationList;
			buildConfigurations = (
				F296AC85238BB55700E8E5ED /* Debug */,
				F296AC86238BB55700E8E5ED /* Release */,
			);
			defaultConfigurationIsVisible = 0;
			defaultConfigurationName = Release;
		};
		F296AC87238BB55700E8E5ED /* Build configuration list for PBXNativeTarget "EasyMemorize" */ = {
			isa = XCConfigurationList;
			buildConfigurations = (
				F296AC88238BB55700E8E5ED /* Debug */,
				F296AC89238BB55700E8E5ED /* Release */,
			);
			defaultConfigurationIsVisible = 0;
			defaultConfigurationName = Release;
		};
		F296AC8A238BB55700E8E5ED /* Build configuration list for PBXNativeTarget "EasyMemorizeTests" */ = {
			isa = XCConfigurationList;
			buildConfigurations = (
				F296AC8B238BB55700E8E5ED /* Debug */,
				F296AC8C238BB55700E8E5ED /* Release */,
			);
			defaultConfigurationIsVisible = 0;
			defaultConfigurationName = Release;
		};
		F296AC8D238BB55700E8E5ED /* Build configuration list for PBXNativeTarget "EasyMemorizeUITests" */ = {
			isa = XCConfigurationList;
			buildConfigurations = (
				F296AC8E238BB55700E8E5ED /* Debug */,
				F296AC8F238BB55700E8E5ED /* Release */,
			);
			defaultConfigurationIsVisible = 0;
			defaultConfigurationName = Release;
		};
/* End XCConfigurationList section */
	};
	rootObject = F296AC55238BB55000E8E5ED /* Project object */;
}
